
Microsoft Visual Studio Solution File, Format Version 12.00
# Visual Studio Version 17
VisualStudioVersion = 17.1.32414.318
MinimumVisualStudioVersion = 10.0.40219.1
Project("{FAE04EC0-301F-11D3-BF4B-00C04F79EFBC}") = "ConsultaB3", "ConsultaB3\ConsultaB3.csproj", "{B23F1612-F044-465E-8161-797623F37239}"
EndProject
Global
	GlobalSection(SolutionConfigurationPlatforms) = preSolution
		Debug|Any CPU = Debug|Any CPU
		Release|Any CPU = Release|Any CPU
	EndGlobalSection
	GlobalSection(ProjectConfigurationPlatforms) = postSolution
		{B23F1612-F044-465E-8161-797623F37239}.Debug|Any CPU.ActiveCfg = Debug|Any CPU
		{B23F1612-F044-465E-8161-797623F37239}.Debug|Any CPU.Build.0 = Debug|Any CPU
		{B23F1612-F044-465E-8161-797623F37239}.Release|Any CPU.ActiveCfg = Release|Any CPU
		{B23F1612-F044-465E-8161-797623F37239}.Release|Any CPU.Build.0 = Release|Any CPU
	EndGlobalSection
	GlobalSection(SolutionProperties) = preSolution
		HideSolutionNode = FALSE
	EndGlobalSection
	GlobalSection(ExtensibilityGlobals) = postSolution
		SolutionGuid = {13BBD484-708E-46C9-9E3D-B9D200B0E5A1}
	EndGlobalSection
EndGlobal
